
Microsoft Visual Studio Solution File, Format Version 10.00
# Visual Basic Express 2008
Project("{F184B08F-C81C-45F6-A57F-5ABD9991F28F}") = "name_adrssap", "name_adrssap\name_adrssap.vbproj", "{5DAD0935-359D-468A-AA77-831DA29649EE}"
EndProject
Global
	GlobalSection(SolutionConfigurationPlatforms) = preSolution
		Debug|Any CPU = Debug|Any CPU
		Release|Any CPU = Release|Any CPU
	EndGlobalSection
	GlobalSection(ProjectConfigurationPlatforms) = postSolution
		{5DAD0935-359D-468A-AA77-831DA29649EE}.Debug|Any CPU.ActiveCfg = Debug|Any CPU
		{5DAD0935-359D-468A-AA77-831DA29649EE}.Debug|Any CPU.Build.0 = Debug|Any CPU
		{5DAD0935-359D-468A-AA77-831DA29649EE}.Release|Any CPU.ActiveCfg = Release|Any CPU
		{5DAD0935-359D-468A-AA77-831DA29649EE}.Release|Any CPU.Build.0 = Release|Any CPU
	EndGlobalSection
	GlobalSection(SolutionProperties) = preSolution
		HideSolutionNode = FALSE
	EndGlobalSection
EndGlobal
