Microsoft Visual Studio Solution File, Format Version 10.00
# Visual Studio Codename Orcas
Project("{F184B08F-C81C-45F6-A57F-5ABD9991F28F}") = "Sales Data", "Sales Data.vbproj", "{9CED58D7-F23E-4351-AA9B-44522C5C814D}"
EndProject
Global
	GlobalSection(SolutionConfigurationPlatforms) = preSolution
		Debug|Any CPU = Debug|Any CPU
		Release|Any CPU = Release|Any CPU
	EndGlobalSection
	GlobalSection(ProjectConfigurationPlatforms) = postSolution
		{9CED58D7-F23E-4351-AA9B-44522C5C814D}.Debug|Any CPU.ActiveCfg = Debug|Any CPU
		{9CED58D7-F23E-4351-AA9B-44522C5C814D}.Debug|Any CPU.Build.0 = Debug|Any CPU
		{9CED58D7-F23E-4351-AA9B-44522C5C814D}.Release|Any CPU.ActiveCfg = Release|Any CPU
		{9CED58D7-F23E-4351-AA9B-44522C5C814D}.Release|Any CPU.Build.0 = Release|Any CPU
	EndGlobalSection
	GlobalSection(SolutionProperties) = preSolution
		HideSolutionNode = FALSE
	EndGlobalSection
EndGlobal
