
Microsoft Visual Studio Solution File, Format Version 10.00
# Visual Studio Codename Orcas
Project("{F184B08F-C81C-45F6-A57F-5ABD9991F28F}") = "Radio Buttons", "Radio Buttons\Radio Buttons.vbproj", "{E52FDDBC-7629-4CFA-BDD0-1E1359F2FC4F}"
EndProject
Global
	GlobalSection(SolutionConfigurationPlatforms) = preSolution
		Debug|Any CPU = Debug|Any CPU
		Release|Any CPU = Release|Any CPU
	EndGlobalSection
	GlobalSection(ProjectConfigurationPlatforms) = postSolution
		{E52FDDBC-7629-4CFA-BDD0-1E1359F2FC4F}.Debug|Any CPU.ActiveCfg = Debug|Any CPU
		{E52FDDBC-7629-4CFA-BDD0-1E1359F2FC4F}.Debug|Any CPU.Build.0 = Debug|Any CPU
		{E52FDDBC-7629-4CFA-BDD0-1E1359F2FC4F}.Release|Any CPU.ActiveCfg = Release|Any CPU
		{E52FDDBC-7629-4CFA-BDD0-1E1359F2FC4F}.Release|Any CPU.Build.0 = Release|Any CPU
	EndGlobalSection
	GlobalSection(SolutionProperties) = preSolution
		HideSolutionNode = FALSE
	EndGlobalSection
EndGlobal
