
Microsoft Visual Studio Solution File, Format Version 10.00
# Visual Studio Codename Orcas
Project("{F184B08F-C81C-45F6-A57F-5ABD9991F28F}") = "CatchMe", "CatchMe.vbproj", "{03D167FB-813F-4136-AE71-EF6CBE92BEE7}"
EndProject
Global
	GlobalSection(SolutionConfigurationPlatforms) = preSolution
		Debug|Any CPU = Debug|Any CPU
		Release|Any CPU = Release|Any CPU
	EndGlobalSection
	GlobalSection(ProjectConfigurationPlatforms) = postSolution
		{03D167FB-813F-4136-AE71-EF6CBE92BEE7}.Debug|Any CPU.ActiveCfg = Debug|Any CPU
		{03D167FB-813F-4136-AE71-EF6CBE92BEE7}.Debug|Any CPU.Build.0 = Debug|Any CPU
		{03D167FB-813F-4136-AE71-EF6CBE92BEE7}.Release|Any CPU.ActiveCfg = Release|Any CPU
		{03D167FB-813F-4136-AE71-EF6CBE92BEE7}.Release|Any CPU.Build.0 = Release|Any CPU
	EndGlobalSection
	GlobalSection(SolutionProperties) = preSolution
		HideSolutionNode = FALSE
	EndGlobalSection
EndGlobal
