Microsoft Visual Studio Solution File, Format Version 10.00
# Visual Studio Codename Orcas
Project("{F184B08F-C81C-45F6-A57F-5ABD9991F28F}") = "Program2", "Program2.vbproj", "{80EFC34A-FDBB-4465-9087-CAEDB9EB1056}"
EndProject
Global
	GlobalSection(SolutionConfigurationPlatforms) = preSolution
		Debug|Any CPU = Debug|Any CPU
		Release|Any CPU = Release|Any CPU
	EndGlobalSection
	GlobalSection(ProjectConfigurationPlatforms) = postSolution
		{80EFC34A-FDBB-4465-9087-CAEDB9EB1056}.Debug|Any CPU.ActiveCfg = Debug|Any CPU
		{80EFC34A-FDBB-4465-9087-CAEDB9EB1056}.Debug|Any CPU.Build.0 = Debug|Any CPU
		{80EFC34A-FDBB-4465-9087-CAEDB9EB1056}.Release|Any CPU.ActiveCfg = Release|Any CPU
		{80EFC34A-FDBB-4465-9087-CAEDB9EB1056}.Release|Any CPU.Build.0 = Release|Any CPU
	EndGlobalSection
	GlobalSection(SolutionProperties) = preSolution
		HideSolutionNode = FALSE
	EndGlobalSection
EndGlobal
