Microsoft Visual Studio Solution File, Format Version 10.00
# Visual Studio Codename Orcas
Project("{F184B08F-C81C-45F6-A57F-5ABD9991F28F}") = "Flags", "Flags.vbproj", "{FD230377-B546-40F1-8710-CC8144913C72}"
EndProject
Global
	GlobalSection(SolutionConfigurationPlatforms) = preSolution
		Debug|Any CPU = Debug|Any CPU
		Release|Any CPU = Release|Any CPU
	EndGlobalSection
	GlobalSection(ProjectConfigurationPlatforms) = postSolution
		{FD230377-B546-40F1-8710-CC8144913C72}.Debug|Any CPU.ActiveCfg = Debug|Any CPU
		{FD230377-B546-40F1-8710-CC8144913C72}.Debug|Any CPU.Build.0 = Debug|Any CPU
		{FD230377-B546-40F1-8710-CC8144913C72}.Release|Any CPU.ActiveCfg = Release|Any CPU
		{FD230377-B546-40F1-8710-CC8144913C72}.Release|Any CPU.Build.0 = Release|Any CPU
	EndGlobalSection
	GlobalSection(SolutionProperties) = preSolution
		HideSolutionNode = FALSE
	EndGlobalSection
EndGlobal
