Microsoft Visual Studio Solution File, Format Version 10.00
# Visual Studio Codename Orcas
Project("{F184B08F-C81C-45F6-A57F-5ABD9991F28F}") = "Error2", "Error2.vbproj", "{A40683EA-41F7-4B5B-9EA4-B21B56CB8D0A}"
EndProject
Global
	GlobalSection(SolutionConfigurationPlatforms) = preSolution
		Debug|Any CPU = Debug|Any CPU
		Release|Any CPU = Release|Any CPU
	EndGlobalSection
	GlobalSection(ProjectConfigurationPlatforms) = postSolution
		{A40683EA-41F7-4B5B-9EA4-B21B56CB8D0A}.Debug|Any CPU.ActiveCfg = Debug|Any CPU
		{A40683EA-41F7-4B5B-9EA4-B21B56CB8D0A}.Debug|Any CPU.Build.0 = Debug|Any CPU
		{A40683EA-41F7-4B5B-9EA4-B21B56CB8D0A}.Release|Any CPU.ActiveCfg = Release|Any CPU
		{A40683EA-41F7-4B5B-9EA4-B21B56CB8D0A}.Release|Any CPU.Build.0 = Release|Any CPU
	EndGlobalSection
	GlobalSection(SolutionProperties) = preSolution
		HideSolutionNode = FALSE
	EndGlobalSection
EndGlobal
